[[package]]
name = "aiohttp"
version = "3.8.1"
description = "Async http client/server framework (asyncio)"
category = "main"
optional = false
python-versions = ">=3.6"

[package.dependencies]
aiosignal = ">=1.1.2"
async-timeout = ">=4.0.0a3,<5.0"
attrs = ">=17.3.0"
charset-normalizer = ">=2.0,<3.0"
frozenlist = ">=1.1.1"
multidict = ">=4.5,<7.0"
yarl = ">=1.0,<2.0"

[package.extras]
speedups = ["aiodns", "brotli", "cchardet"]

[[package]]
name = "aiosignal"
version = "1.2.0"
description = "aiosignal: a list of registered asynchronous callbacks"
category = "main"
optional = false
python-versions = ">=3.6"

[package.dependencies]
frozenlist = ">=1.1.0"

[[package]]
name = "async-timeout"
version = "4.0.2"
description = "Timeout context manager for asyncio programs"
category = "main"
optional = false
python-versions = ">=3.6"

[[package]]
name = "attrs"
version = "22.1.0"
description = "Classes Without Boilerplate"
category = "main"
optional = false
python-versions = ">=3.5"

[package.extras]
dev = ["coverage[toml] (>=5.0.2)", "hypothesis", "pympler", "pytest (>=4.3.0)", "mypy (>=0.900,!=0.940)", "pytest-mypy-plugins", "zope.interface", "furo", "sphinx", "sphinx-notfound-page", "pre-commit", "cloudpickle"]
docs = ["furo", "sphinx", "zope.interface", "sphinx-notfound-page"]
tests = ["coverage[toml] (>=5.0.2)", "hypothesis", "pympler", "pytest (>=4.3.0)", "mypy (>=0.900,!=0.940)", "pytest-mypy-plugins", "zope.interface", "cloudpickle"]
tests_no_zope = ["coverage[toml] (>=5.0.2)", "hypothesis", "pympler", "pytest (>=4.3.0)", "mypy (>=0.900,!=0.940)", "pytest-mypy-plugins", "cloudpickle"]

[[package]]
name = "certifi"
version = "2022.6.15"
description = "Python package for providing Mozilla's CA Bundle."
category = "main"
optional = false
python-versions = ">=3.6"

[[package]]
name = "charset-normalizer"
version = "2.1.0"
description = "The Real First Universal Charset Detector. Open, modern and actively maintained alternative to Chardet."
category = "main"
optional = false
python-versions = ">=3.6.0"

[package.extras]
unicode_backport = ["unicodedata2"]

[[package]]
name = "click"
version = "8.1.3"
description = "Composable command line interface toolkit"
category = "main"
optional = false
python-versions = ">=3.7"

[package.dependencies]
colorama = {version = "*", markers = "platform_system == \"Windows\""}

[[package]]
name = "colorama"
version = "0.4.5"
description = "Cross-platform colored terminal text."
category = "main"
optional = false
python-versions = ">=2.7, !=3.0.*, !=3.1.*, !=3.2.*, !=3.3.*, !=3.4.*"

[[package]]
name = "debugpy"
version = "1.6.3"
description = "An implementation of the Debug Adapter Protocol for Python"
category = "dev"
optional = false
python-versions = ">=3.7"

[[package]]
name = "docker-pycreds"
version = "0.4.0"
description = "Python bindings for the docker credentials store API"
category = "main"
optional = false
python-versions = "*"

[package.dependencies]
six = ">=1.4.0"

[[package]]
name = "docstring-to-markdown"
version = "0.15"
description = "On the fly conversion of Python docstrings to markdown"
category = "dev"
optional = false
python-versions = ">=3.6"

[[package]]
name = "flask"
version = "2.2.2"
description = "A simple framework for building complex web applications."
category = "main"
optional = false
python-versions = ">=3.7"

[package.dependencies]
click = ">=8.0"
importlib-metadata = {version = ">=3.6.0", markers = "python_version < \"3.10\""}
itsdangerous = ">=2.0"
Jinja2 = ">=3.0"
Werkzeug = ">=2.2.2"

[package.extras]
async = ["asgiref (>=3.2)"]
dotenv = ["python-dotenv"]

[[package]]
name = "frozenlist"
version = "1.3.1"
description = "A list-like structure which implements collections.abc.MutableSequence"
category = "main"
optional = false
python-versions = ">=3.7"

[[package]]
name = "gitdb"
version = "4.0.11"
description = "Git Object Database"
category = "main"
optional = false
python-versions = ">=3.7"

[package.dependencies]
smmap = ">=3.0.1,<6"

[[package]]
name = "gitpython"
version = "3.1.43"
description = "GitPython is a Python library used to interact with Git repositories"
category = "main"
optional = false
python-versions = ">=3.7"

[package.dependencies]
gitdb = ">=4.0.1,<5"

[package.extras]
doc = ["sphinx (==4.3.2)", "sphinx-rtd-theme", "sphinxcontrib-applehelp (>=1.0.2,<=1.0.4)", "sphinxcontrib-devhelp (==1.0.2)", "sphinxcontrib-htmlhelp (>=2.0.0,<=2.0.1)", "sphinxcontrib-qthelp (==1.0.3)", "sphinxcontrib-serializinghtml (==1.1.5)", "sphinx-autodoc-typehints"]
test = ["coverage", "ddt (>=1.1.1,!=1.4.3)", "mypy", "pre-commit", "pytest (>=7.3.1)", "pytest-cov", "pytest-instafail", "pytest-mock", "pytest-sugar", "typing-extensions", "mock"]

[[package]]
name = "idna"
version = "3.3"
description = "Internationalized Domain Names in Applications (IDNA)"
category = "main"
optional = false
python-versions = ">=3.5"

[[package]]
name = "importlib-metadata"
version = "4.12.0"
description = "Read metadata from Python packages"
category = "main"
optional = false
python-versions = ">=3.7"

[package.dependencies]
zipp = ">=0.5"

[package.extras]
docs = ["sphinx", "jaraco.packaging (>=9)", "rst.linker (>=1.9)"]
perf = ["ipython"]
testing = ["pytest (>=6)", "pytest-checkdocs (>=2.4)", "pytest-flake8", "pytest-cov", "pytest-enabler (>=1.3)", "packaging", "pyfakefs", "flufl.flake8", "pytest-perf (>=0.9.2)", "pytest-black (>=0.3.7)", "pytest-mypy (>=0.9.1)", "importlib-resources (>=1.3)"]

[[package]]
name = "itsdangerous"
version = "2.1.2"
description = "Safely pass data to untrusted environments and back."
category = "main"
optional = false
python-versions = ">=3.7"

[[package]]
name = "jedi"
version = "0.18.1"
description = "An autocompletion tool for Python that can be used for text editors."
category = "dev"
optional = false
python-versions = ">=3.6"

[package.dependencies]
parso = ">=0.8.0,<0.9.0"

[package.extras]
qa = ["flake8 (==3.8.3)", "mypy (==0.782)"]
testing = ["Django (<3.1)", "colorama", "docopt", "pytest (<7.0.0)"]

[[package]]
name = "jinja2"
version = "3.1.2"
description = "A very fast and expressive template engine."
category = "main"
optional = false
python-versions = ">=3.7"

[package.dependencies]
MarkupSafe = ">=2.0"

[package.extras]
i18n = ["Babel (>=2.7)"]

[[package]]
name = "markupsafe"
version = "2.1.1"
description = "Safely add untrusted strings to HTML/XML markup."
category = "main"
optional = false
python-versions = ">=3.7"

[[package]]
name = "multidict"
version = "6.0.2"
description = "multidict implementation"
category = "main"
optional = false
python-versions = ">=3.7"

[[package]]
name = "numpy"
version = "1.23.2"
description = "NumPy is the fundamental package for array computing with Python."
category = "main"
optional = false
python-versions = ">=3.8"

[[package]]
name = "packaging"
version = "24.0"
description = "Core utilities for Python packages"
category = "dev"
optional = false
python-versions = ">=3.7"

[[package]]
name = "parso"
version = "0.8.3"
description = "A Python Parser"
category = "dev"
optional = false
python-versions = ">=3.6"

[package.extras]
qa = ["flake8 (==3.8.3)", "mypy (==0.782)"]
testing = ["docopt", "pytest (<6.0.0)"]

[[package]]
name = "platformdirs"
version = "4.2.1"
description = "A small Python package for determining appropriate platform-specific dirs, e.g. a `user data dir`."
category = "main"
optional = false
python-versions = ">=3.8"

[package.extras]
docs = ["furo (>=2023.9.10)", "proselint (>=0.13)", "sphinx-autodoc-typehints (>=1.25.2)", "sphinx (>=7.2.6)"]
test = ["appdirs (==1.4.4)", "covdefaults (>=2.3)", "pytest-cov (>=4.1)", "pytest-mock (>=3.12)", "pytest (>=7.4.3)"]
type = ["mypy (>=1.8)"]

[[package]]
name = "pluggy"
version = "1.0.0"
description = "plugin and hook calling mechanisms for python"
category = "dev"
optional = false
python-versions = ">=3.6"

[package.extras]
testing = ["pytest-benchmark", "pytest"]
dev = ["tox", "pre-commit"]

[[package]]
name = "protobuf"
version = "4.25.3"
description = ""
category = "main"
optional = false
python-versions = ">=3.8"

[[package]]
name = "psutil"
version = "5.9.8"
description = "Cross-platform lib for process and system monitoring in Python."
category = "main"
optional = false
python-versions = ">=2.7, !=3.0.*, !=3.1.*, !=3.2.*, !=3.3.*, !=3.4.*, !=3.5.*"

[package.extras]
test = ["enum34", "ipaddress", "mock", "pywin32", "wmi"]

[[package]]
name = "pyflakes"
version = "3.2.0"
description = "passive checker of Python programs"
category = "dev"
optional = false
python-versions = ">=3.8"

[[package]]
name = "pygame"
version = "2.5.2"
description = "Python Game Development"
category = "main"
optional = false
python-versions = ">=3.6"

[[package]]
name = "python-lsp-jsonrpc"
version = "1.1.2"
description = "JSON RPC 2.0 server library"
category = "dev"
optional = false
python-versions = ">=3.8"

[package.dependencies]
ujson = ">=3.0.0"

[package.extras]
test = ["pylint", "pycodestyle", "pyflakes", "pytest", "pytest-cov", "coverage"]

[[package]]
name = "python-lsp-server"
version = "1.11.0"
description = "Python Language Server for the Language Server Protocol"
category = "dev"
optional = false
python-versions = ">=3.8"

[package.dependencies]
docstring-to-markdown = "*"
importlib-metadata = {version = ">=4.8.3", markers = "python_version < \"3.10\""}
jedi = ">=0.17.2,<0.20.0"
pluggy = ">=1.0.0"
pyflakes = {version = ">=3.2.0,<3.3.0", optional = true, markers = "extra == \"pyflakes\""}
python-lsp-jsonrpc = ">=1.1.0,<2.0.0"
rope = {version = ">=1.11.0", optional = true, markers = "extra == \"rope\""}
ujson = ">=3.0.0"
whatthepatch = {version = ">=1.0.2,<2.0.0", optional = true, markers = "extra == \"yapf\""}
yapf = {version = ">=0.33.0", optional = true, markers = "extra == \"yapf\""}

[package.extras]
all = ["autopep8 (>=2.0.4,<2.1.0)", "flake8 (>=7,<8)", "mccabe (>=0.7.0,<0.8.0)", "pycodestyle (>=2.11.0,<2.12.0)", "pydocstyle (>=6.3.0,<6.4.0)", "pyflakes (>=3.2.0,<3.3.0)", "pylint (>=3.1,<4)", "rope (>=1.11.0)", "yapf (>=0.33.0)", "whatthepatch (>=1.0.2,<2.0.0)"]
autopep8 = ["autopep8 (>=2.0.4,<2.1.0)"]
flake8 = ["flake8 (>=7,<8)"]
mccabe = ["mccabe (>=0.7.0,<0.8.0)"]
pycodestyle = ["pycodestyle (>=2.11.0,<2.12.0)"]
pydocstyle = ["pydocstyle (>=6.3.0,<6.4.0)"]
pyflakes = ["pyflakes (>=3.2.0,<3.3.0)"]
pylint = ["pylint (>=3.1,<4)"]
rope = ["rope (>=1.11.0)"]
test = ["pylint (>=3.1,<4)", "pytest", "pytest-cov", "coverage", "numpy", "pandas", "matplotlib", "pyqt5", "flaky"]
websockets = ["websockets (>=10.3)"]
yapf = ["yapf (>=0.33.0)", "whatthepatch (>=1.0.2,<2.0.0)"]

[[package]]
name = "pytoolconfig"
version = "1.3.1"
description = "Python tool configuration"
category = "dev"
optional = false
python-versions = ">=3.8"

[package.dependencies]
packaging = ">=23.2"
platformdirs = {version = ">=3.11.0", optional = true, markers = "extra == \"global\""}
tomli = {version = ">=2.0.1", markers = "python_version < \"3.11\""}

[package.extras]
validation = ["pydantic (>=2.5.3)"]
global = ["platformdirs (>=3.11.0)"]
doc = ["tabulate (>=0.9.0)", "sphinx (>=7.1.2)"]
gendocs = ["sphinx (>=7.1.2)", "sphinx-autodoc-typehints (>=1.25.2)", "sphinx-rtd-theme (>=2.0.0)", "pytoolconfig"]

[[package]]
name = "pyyaml"
version = "6.0.1"
description = "YAML parser and emitter for Python"
category = "main"
optional = false
python-versions = ">=3.6"

[[package]]
name = "replit"
version = "3.2.4"
description = "A library for interacting with features of repl.it"
category = "main"
optional = false
python-versions = ">=3.8,<4.0"

[package.dependencies]
aiohttp = ">=3.6.2,<4.0.0"
Flask = ">=2.0.0,<3.0.0"
requests = ">=2.25.1,<3.0.0"
typing_extensions = ">=3.7.4,<4.0.0"
Werkzeug = ">=2.0.0,<3.0.0"

[[package]]
name = "requests"
version = "2.28.1"
description = "Python HTTP for Humans."
category = "main"
optional = false
python-versions = ">=3.7, <4"

[package.dependencies]
certifi = ">=2017.4.17"
charset-normalizer = ">=2,<3"
idna = ">=2.5,<4"
urllib3 = ">=1.21.1,<1.27"

[package.extras]
socks = ["PySocks (>=1.5.6,!=1.5.7)"]
use_chardet_on_py3 = ["chardet (>=3.0.2,<6)"]

[[package]]
name = "rope"
version = "1.13.0"
description = "a python refactoring library..."
category = "dev"
optional = false
python-versions = ">=3.8"

[package.dependencies]
pytoolconfig = {version = ">=1.2.2", extras = ["global"]}

[package.extras]
dev = ["pytest (>=7.0.1)", "pytest-cov (>=4.1.0)", "pytest-timeout (>=2.1.0)", "build (>=0.7.0)", "pre-commit (>=2.20.0)"]
doc = ["pytoolconfig", "sphinx (>=4.5.0)", "sphinx-autodoc-typehints (>=1.18.1)", "sphinx-rtd-theme (>=1.0.0)"]
release = ["toml (>=0.10.2)", "twine (>=4.0.2)", "pip-tools (>=6.12.1)"]

[[package]]
name = "sentry-sdk"
version = "2.2.0"
description = "Python client for Sentry (https://sentry.io)"
category = "main"
optional = false
python-versions = ">=3.6"

[package.dependencies]
certifi = "*"
urllib3 = ">=1.26.11"

[package.extras]
aiohttp = ["aiohttp (>=3.5)"]
anthropic = ["anthropic (>=0.16)"]
arq = ["arq (>=0.23)"]
asyncpg = ["asyncpg (>=0.23)"]
beam = ["apache-beam (>=2.12)"]
bottle = ["bottle (>=0.12.13)"]
celery = ["celery (>=3)"]
celery-redbeat = ["celery-redbeat (>=2)"]
chalice = ["chalice (>=1.16.0)"]
clickhouse-driver = ["clickhouse-driver (>=0.2.0)"]
django = ["django (>=1.8)"]
falcon = ["falcon (>=1.4)"]
fastapi = ["fastapi (>=0.79.0)"]
flask = ["flask (>=0.11)", "blinker (>=1.1)", "markupsafe"]
grpcio = ["grpcio (>=1.21.1)"]
httpx = ["httpx (>=0.16.0)"]
huey = ["huey (>=2)"]
huggingface-hub = ["huggingface-hub (>=0.22)"]
langchain = ["langchain (>=0.0.210)"]
loguru = ["loguru (>=0.5)"]
openai = ["openai (>=1.0.0)", "tiktoken (>=0.3.0)"]
opentelemetry = ["opentelemetry-distro (>=0.35b0)"]
opentelemetry-experimental = ["opentelemetry-distro (>=0.40b0,<1.0.0)", "opentelemetry-instrumentation-aiohttp-client (>=0.40b0,<1.0.0)", "opentelemetry-instrumentation-django (>=0.40b0,<1.0.0)", "opentelemetry-instrumentation-fastapi (>=0.40b0,<1.0.0)", "opentelemetry-instrumentation-flask (>=0.40b0,<1.0.0)", "opentelemetry-instrumentation-requests (>=0.40b0,<1.0.0)", "opentelemetry-instrumentation-sqlite3 (>=0.40b0,<1.0.0)", "opentelemetry-instrumentation-urllib (>=0.40b0,<1.0.0)"]
pure-eval = ["pure-eval", "executing", "asttokens"]
pymongo = ["pymongo (>=3.1)"]
pyspark = ["pyspark (>=2.4.4)"]
quart = ["quart (>=0.16.1)", "blinker (>=1.1)"]
rq = ["rq (>=0.6)"]
sanic = ["sanic (>=0.8)"]
sqlalchemy = ["sqlalchemy (>=1.2)"]
starlette = ["starlette (>=0.19.1)"]
starlite = ["starlite (>=1.48)"]
tornado = ["tornado (>=5)"]

[[package]]
name = "setproctitle"
version = "1.3.3"
description = "A Python module to customize the process title"
category = "main"
optional = false
python-versions = ">=3.7"

[package.extras]
test = ["pytest"]

[[package]]
name = "six"
version = "1.16.0"
description = "Python 2 and 3 compatibility utilities"
category = "main"
optional = false
python-versions = ">=2.7, !=3.0.*, !=3.1.*, !=3.2.*"

[[package]]
name = "smmap"
version = "5.0.1"
description = "A pure Python implementation of a sliding window memory map manager"
category = "main"
optional = false
python-versions = ">=3.7"

[[package]]
name = "tomli"
version = "2.0.1"
description = "A lil' TOML parser"
category = "dev"
optional = false
python-versions = ">=3.7"

[[package]]
name = "typing-extensions"
version = "3.10.0.2"
description = "Backported and Experimental Type Hints for Python 3.5+"
category = "main"
optional = false
python-versions = "*"

[[package]]
name = "ujson"
version = "5.4.0"
description = "Ultra fast JSON encoder and decoder for Python"
category = "dev"
optional = false
python-versions = ">=3.7"

[[package]]
name = "urllib3"
version = "1.26.11"
description = "HTTP library with thread-safe connection pooling, file post, and more."
category = "main"
optional = false
python-versions = ">=2.7, !=3.0.*, !=3.1.*, !=3.2.*, !=3.3.*, !=3.4.*, !=3.5.*, <4"

[package.extras]
brotli = ["brotlicffi (>=0.8.0)", "brotli (>=1.0.9)", "brotlipy (>=0.6.0)"]
secure = ["pyOpenSSL (>=0.14)", "cryptography (>=1.3.4)", "idna (>=2.0.0)", "certifi", "ipaddress"]
socks = ["PySocks (>=1.5.6,!=1.5.7,<2.0)"]

[[package]]
name = "wandb"
version = "0.17.0"
description = "A CLI and library for interacting with the Weights & Biases API."
category = "main"
optional = false
python-versions = ">=3.7"

[package.dependencies]
click = ">=7.1,<8.0.0 || >8.0.0"
docker-pycreds = ">=0.4.0"
gitpython = ">=1.0.0,<3.1.29 || >3.1.29"
platformdirs = "*"
protobuf = [
    {version = ">=3.12.0,<4.21.0 || >4.21.0,<5", markers = "python_version < \"3.9\" and sys_platform == \"linux\""},
    {version = ">=3.19.0,<4.21.0 || >4.21.0,<5", markers = "sys_platform != \"linux\""},
]
psutil = ">=5.0.0"
pyyaml = "*"
requests = ">=2.0.0,<3"
sentry-sdk = ">=1.0.0"
setproctitle = "*"
typing-extensions = {version = "*", markers = "python_version < \"3.10\""}

[package.extras]
aws = ["boto3"]
azure = ["azure-identity", "azure-storage-blob"]
gcp = ["google-cloud-storage"]
importers = ["filelock", "mlflow", "polars", "rich", "tenacity"]
kubeflow = ["google-cloud-storage", "kubernetes", "minio", "sh"]
launch = ["awscli", "azure-containerregistry", "azure-identity", "azure-storage-blob", "boto3", "botocore", "chardet", "google-auth", "google-cloud-aiplatform", "google-cloud-artifact-registry", "google-cloud-compute", "google-cloud-storage", "iso8601", "kubernetes", "kubernetes-asyncio", "nbconvert", "nbformat", "optuna", "pydantic", "pyyaml (>=6.0.0)", "tomli", "typing-extensions"]
media = ["bokeh", "moviepy", "numpy", "pillow", "plotly (>=5.18.0)", "rdkit-pypi", "soundfile"]
models = ["cloudpickle"]
perf = ["orjson"]
reports = ["pydantic (>=2.0.0)"]
sweeps = ["sweeps (>=0.2.0)"]

[[package]]
name = "webcolors"
version = "1.13"
description = "A library for working with the color formats defined by HTML and CSS."
category = "main"
optional = false
python-versions = ">=3.7"

[package.extras]
docs = ["furo", "sphinx", "sphinx-copybutton", "sphinx-inline-tabs", "sphinx-notfound-page", "sphinxext-opengraph"]
tests = ["pytest", "pytest-cov"]

[[package]]
name = "werkzeug"
version = "2.2.2"
description = "The comprehensive WSGI web application library."
category = "main"
optional = false
python-versions = ">=3.7"

[package.dependencies]
MarkupSafe = ">=2.1.1"

[package.extras]
watchdog = ["watchdog"]

[[package]]
name = "whatthepatch"
version = "1.0.2"
description = "A patch parsing and application library."
category = "dev"
optional = false
python-versions = "*"

[[package]]
name = "yapf"
version = "0.33.0"
description = "A formatter for Python code."
category = "dev"
optional = false
python-versions = "*"

[package.dependencies]
tomli = ">=2.0.1"

[[package]]
name = "yarl"
version = "1.8.1"
description = "Yet another URL library"
category = "main"
optional = false
python-versions = ">=3.7"

[package.dependencies]
idna = ">=2.0"
multidict = ">=4.0"

[[package]]
name = "zipp"
version = "3.8.1"
description = "Backport of pathlib-compatible object wrapper for zip files"
category = "main"
optional = false
python-versions = ">=3.7"

[package.extras]
docs = ["sphinx", "jaraco.packaging (>=9)", "rst.linker (>=1.9)", "jaraco.tidelift (>=1.4)"]
testing = ["pytest (>=6)", "pytest-checkdocs (>=2.4)", "pytest-flake8", "pytest-cov", "pytest-enabler (>=1.3)", "jaraco.itertools", "func-timeout", "pytest-black (>=0.3.7)", "pytest-mypy (>=0.9.1)"]

[metadata]
lock-version = "1.1"
python-versions = ">=3.8.0,<3.9"
content-hash = "de74a8b0642c64b56b6d7b885c53bd9ee0956b7f963a598554aa1f11d6e08bbc"

[metadata.files]
aiohttp = []
aiosignal = []
async-timeout = []
attrs = []
certifi = []
charset-normalizer = []
click = []
colorama = []
debugpy = []
docker-pycreds = []
docstring-to-markdown = []
flask = []
frozenlist = []
gitdb = []
gitpython = []
idna = []
importlib-metadata = []
itsdangerous = []
jedi = []
jinja2 = []
markupsafe = []
multidict = []
numpy = []
packaging = []
parso = []
platformdirs = []
pluggy = []
protobuf = []
psutil = []
pyflakes = []
pygame = []
python-lsp-jsonrpc = []
python-lsp-server = []
pytoolconfig = []
pyyaml = []
replit = []
requests = []
rope = []
sentry-sdk = []
setproctitle = []
six = []
smmap = []
tomli = []
typing-extensions = []
ujson = []
urllib3 = []
wandb = []
webcolors = []
werkzeug = []
whatthepatch = []
yapf = []
yarl = []
zipp = []
